
Microsoft Visual Studio Solution File, Format Version 12.00
# Visual Studio Version 17
VisualStudioVersion = 17.6.33815.320
MinimumVisualStudioVersion = 10.0.40219.1
Project("{8BC9CEB8-8B4A-11D0-8D11-00A0C91BC942}") = "SixthTask", "SixthTask.vcxproj", "{C247D961-FD47-4C6B-A8F8-CCFAEA220FEF}"
EndProject
Project("{8BC9CEB8-8B4A-11D0-8D11-00A0C91BC942}") = "SixthTaskPart2", "..\SixthTaskPart2\SixthTaskPart2.vcxproj", "{A3FCB61A-61BE-4D2C-A429-45DAA7E475E5}"
EndProject
Project("{8BC9CEB8-8B4A-11D0-8D11-00A0C91BC942}") = "SixthTaskPart3", "..\SixthTaskPart3\SixthTaskPart3.vcxproj", "{337F4F00-E271-4614-A001-9571815E463D}"
EndProject
Global
	GlobalSection(SolutionConfigurationPlatforms) = preSolution
		Debug|x64 = Debug|x64
		Debug|x86 = Debug|x86
		Release|x64 = Release|x64
		Release|x86 = Release|x86
	EndGlobalSection
	GlobalSection(ProjectConfigurationPlatforms) = postSolution
		{C247D961-FD47-4C6B-A8F8-CCFAEA220FEF}.Debug|x64.ActiveCfg = Debug|x64
		{C247D961-FD47-4C6B-A8F8-CCFAEA220FEF}.Debug|x64.Build.0 = Debug|x64
		{C247D961-FD47-4C6B-A8F8-CCFAEA220FEF}.Debug|x86.ActiveCfg = Debug|Win32
		{C247D961-FD47-4C6B-A8F8-CCFAEA220FEF}.Debug|x86.Build.0 = Debug|Win32
		{C247D961-FD47-4C6B-A8F8-CCFAEA220FEF}.Release|x64.ActiveCfg = Release|x64
		{C247D961-FD47-4C6B-A8F8-CCFAEA220FEF}.Release|x64.Build.0 = Release|x64
		{C247D961-FD47-4C6B-A8F8-CCFAEA220FEF}.Release|x86.ActiveCfg = Release|Win32
		{C247D961-FD47-4C6B-A8F8-CCFAEA220FEF}.Release|x86.Build.0 = Release|Win32
		{A3FCB61A-61BE-4D2C-A429-45DAA7E475E5}.Debug|x64.ActiveCfg = Debug|x64
		{A3FCB61A-61BE-4D2C-A429-45DAA7E475E5}.Debug|x64.Build.0 = Debug|x64
		{A3FCB61A-61BE-4D2C-A429-45DAA7E475E5}.Debug|x86.ActiveCfg = Debug|Win32
		{A3FCB61A-61BE-4D2C-A429-45DAA7E475E5}.Debug|x86.Build.0 = Debug|Win32
		{A3FCB61A-61BE-4D2C-A429-45DAA7E475E5}.Release|x64.ActiveCfg = Release|x64
		{A3FCB61A-61BE-4D2C-A429-45DAA7E475E5}.Release|x64.Build.0 = Release|x64
		{A3FCB61A-61BE-4D2C-A429-45DAA7E475E5}.Release|x86.ActiveCfg = Release|Win32
		{A3FCB61A-61BE-4D2C-A429-45DAA7E475E5}.Release|x86.Build.0 = Release|Win32
		{337F4F00-E271-4614-A001-9571815E463D}.Debug|x64.ActiveCfg = Debug|x64
		{337F4F00-E271-4614-A001-9571815E463D}.Debug|x64.Build.0 = Debug|x64
		{337F4F00-E271-4614-A001-9571815E463D}.Debug|x86.ActiveCfg = Debug|Win32
		{337F4F00-E271-4614-A001-9571815E463D}.Debug|x86.Build.0 = Debug|Win32
		{337F4F00-E271-4614-A001-9571815E463D}.Release|x64.ActiveCfg = Release|x64
		{337F4F00-E271-4614-A001-9571815E463D}.Release|x64.Build.0 = Release|x64
		{337F4F00-E271-4614-A001-9571815E463D}.Release|x86.ActiveCfg = Release|Win32
		{337F4F00-E271-4614-A001-9571815E463D}.Release|x86.Build.0 = Release|Win32
	EndGlobalSection
	GlobalSection(SolutionProperties) = preSolution
		HideSolutionNode = FALSE
	EndGlobalSection
	GlobalSection(ExtensibilityGlobals) = postSolution
		SolutionGuid = {7E24E5FD-045C-4291-9FF9-2E43A59D6A54}
	EndGlobalSection
EndGlobal
